// !$*UTF8*$!
{
	archiveVersion = 1;
	classes = {
	};
	objectVersion = 46;
	objects = {

/* Begin PBXBuildFile section */
		5A497871208ED170006DCF24 /* main.m in Sources */ = {isa = PBXBuildFile; fileRef = 5A497870208ED170006DCF24 /* main.m */; };
		5A497874208ED170006DCF24 /* AppDelegate.m in Sources */ = {isa = PBXBuildFile; fileRef = 5A497873208ED170006DCF24 /* AppDelegate.m */; };
		5A497877208ED170006DCF24 /* ViewController.m in Sources */ = {isa = PBXBuildFile; fileRef = 5A497876208ED170006DCF24 /* ViewController.m */; };
		5A49787A208ED170006DCF24 /* Main.storyboard in Resources */ = {isa = PBXBuildFile; fileRef = 5A497878208ED170006DCF24 /* Main.storyboard */; };
		5A49787C208ED170006DCF24 /* Assets.xcassets in Resources */ = {isa = PBXBuildFile; fileRef = 5A49787B208ED170006DCF24 /* Assets.xcassets */; };
		5A49787F208ED170006DCF24 /* LaunchScreen.storyboard in Resources */ = {isa = PBXBuildFile; fileRef = 5A49787D208ED170006DCF24 /* LaunchScreen.storyboard */; };
		5A497888208ED181006DCF24 /* AudioRecorder.m in Sources */ = {isa = PBXBuildFile; fileRef = 5A497887208ED181006DCF24 /* AudioRecorder.m */; };
/* End PBXBuildFile section */

/* Begin PBXFileReference section */
		5A49786C208ED170006DCF24 /* AudioRecorder.app */ = {isa = PBXFileReference; explicitFileType = wrapper.application; includeInIndex = 0; path = AudioRecorder.app; sourceTree = BUILT_PRODUCTS_DIR; };
		5A497870208ED170006DCF24 /* main.m */ = {isa = PBXFileReference; lastKnownFileType = sourcecode.c.objc; path = main.m; sourceTree = "<group>"; };
		5A497872208ED170006DCF24 /* AppDelegate.h */ = {isa = PBXFileReference; lastKnownFileType = sourcecode.c.h; path = AppDelegate.h; sourceTree = "<group>"; };
		5A497873208ED170006DCF24 /* AppDelegate.m */ = {isa = PBXFileReference; lastKnownFileType = sourcecode.c.objc; path = AppDelegate.m; sourceTree = "<group>"; };
		5A497875208ED170006DCF24 /* ViewController.h */ = {isa = PBXFileReference; lastKnownFileType = sourcecode.c.h; path = ViewController.h; sourceTree = "<group>"; };
		5A497876208ED170006DCF24 /* ViewController.m */ = {isa = PBXFileReference; lastKnownFileType = sourcecode.c.objc; path = ViewController.m; sourceTree = "<group>"; };
		5A497879208ED170006DCF24 /* Base */ = {isa = PBXFileReference; lastKnownFileType = file.storyboard; name = Base; path = Base.lproj/Main.storyboard; sourceTree = "<group>"; };
		5A49787B208ED170006DCF24 /* Assets.xcassets */ = {isa = PBXFileReference; lastKnownFileType = folder.assetcatalog; path = Assets.xcassets; sourceTree = "<group>"; };
		5A49787E208ED170006DCF24 /* Base */ = {isa = PBXFileReference; lastKnownFileType = file.storyboard; name = Base; path = Base.lproj/LaunchScreen.storyboard; sourceTree = "<group>"; };
		5A497880208ED170006DCF24 /* Info.plist */ = {isa = PBXFileReference; lastKnownFileType = text.plist.xml; path = Info.plist; sourceTree = "<group>"; };
		5A497886208ED181006DCF24 /* AudioRecorder.h */ = {isa = PBXFileReference; fileEncoding = 4; lastKnownFileType = sourcecode.c.h; path = AudioRecorder.h; sourceTree = "<group>"; };
		5A497887208ED181006DCF24 /* AudioRecorder.m */ = {isa = PBXFileReference; fileEncoding = 4; lastKnownFileType = sourcecode.c.objc; path = AudioRecorder.m; sourceTree = "<group>"; };
/* End PBXFileReference section */

/* Begin PBXFrameworksBuildPhase section */
		5A497869208ED170006DCF24 /* Frameworks */ = {
			isa = PBXFrameworksBuildPhase;
			buildActionMask = 2147483647;
			files = (
			);
			runOnlyForDeploymentPostprocessing = 0;
		};
/* End PBXFrameworksBuildPhase section */

/* Begin PBXGroup section */
		5A497863208ED170006DCF24 = {
			isa = PBXGroup;
			children = (
				5A49786E208ED170006DCF24 /* AudioRecorder */,
				5A49786D208ED170006DCF24 /* Products */,
			);
			sourceTree = "<group>";
		};
		5A49786D208ED170006DCF24 /* Products */ = {
			isa = PBXGroup;
			children = (
				5A49786C208ED170006DCF24 /* AudioRecorder.app */,
			);
			name = Products;
			sourceTree = "<group>";
		};
		5A49786E208ED170006DCF24 /* AudioRecorder */ = {
			isa = PBXGroup;
			children = (
				5A497886208ED181006DCF24 /* AudioRecorder.h */,
				5A497887208ED181006DCF24 /* AudioRecorder.m */,
				5A497872208ED170006DCF24 /* AppDelegate.h */,
				5A497873208ED170006DCF24 /* AppDelegate.m */,
				5A497875208ED170006DCF24 /* ViewController.h */,
				5A497876208ED170006DCF24 /* ViewController.m */,
				5A497878208ED170006DCF24 /* Main.storyboard */,
				5A49787B208ED170006DCF24 /* Assets.xcassets */,
				5A49787D208ED170006DCF24 /* LaunchScreen.storyboard */,
				5A497880208ED170006DCF24 /* Info.plist */,
				5A49786F208ED170006DCF24 /* Supporting Files */,
			);
			path = AudioRecorder;
			sourceTree = "<group>";
		};
		5A49786F208ED170006DCF24 /* Supporting Files */ = {
			isa = PBXGroup;
			children = (
				5A497870208ED170006DCF24 /* main.m */,
			);
			name = "Supporting Files";
			sourceTree = "<group>";
		};
/* End PBXGroup section */

/* Begin PBXNativeTarget section */
		5A49786B208ED170006DCF24 /* AudioRecorder */ = {
			isa = PBXNativeTarget;
			buildConfigurationList = 5A497883208ED170006DCF24 /* Build configuration list for PBXNativeTarget "AudioRecorder" */;
			buildPhases = (
				5A497868208ED170006DCF24 /* Sources */,
				5A497869208ED170006DCF24 /* Frameworks */,
				5A49786A208ED170006DCF24 /* Resources */,
			);
			buildRules = (
			);
			dependencies = (
			);
			name = AudioRecorder;
			productName = AudioRecorder;
			productReference = 5A49786C208ED170006DCF24 /* AudioRecorder.app */;
			productType = "com.apple.product-type.application";
		};
/* End PBXNativeTarget section */

/* Begin PBXProject section */
		5A497864208ED170006DCF24 /* Project object */ = {
			isa = PBXProject;
			attributes = {
				LastUpgradeCheck = 0820;
				ORGANIZATIONNAME = builder;
				TargetAttributes = {
					5A49786B208ED170006DCF24 = {
						CreatedOnToolsVersion = 8.2;
						DevelopmentTeam = M7A3C5D4BQ;
						ProvisioningStyle = Automatic;
					};
				};
			};
			buildConfigurationList = 5A497867208ED170006DCF24 /* Build configuration list for PBXProject "AudioRecorder" */;
			compatibilityVersion = "Xcode 3.2";
			developmentRegion = English;
			hasScannedForEncodings = 0;
			knownRegions = (
				en,
				Base,
			);
			mainGroup = 5A497863208ED170006DCF24;
			productRefGroup = 5A49786D208ED170006DCF24 /* Products */;
			projectDirPath = "";
			projectRoot = "";
			targets = (
				5A49786B208ED170006DCF24 /* AudioRecorder */,
			);
		};
/* End PBXProject section */

/* Begin PBXResourcesBuildPhase section */
		5A49786A208ED170006DCF24 /* Resources */ = {
			isa = PBXResourcesBuildPhase;
			buildActionMask = 2147483647;
			files = (
				5A49787F208ED170006DCF24 /* LaunchScreen.storyboard in Resources */,
				5A49787C208ED170006DCF24 /* Assets.xcassets in Resources */,
				5A49787A208ED170006DCF24 /* Main.storyboard in Resources */,
			);
			runOnlyForDeploymentPostprocessing = 0;
		};
/* End PBXResourcesBuildPhase section */

/* Begin PBXSourcesBuildPhase section */
		5A497868208ED170006DCF24 /* Sources */ = {
			isa = PBXSourcesBuildPhase;
			buildActionMask = 2147483647;
			files = (
				5A497877208ED170006DCF24 /* ViewController.m in Sources */,
				5A497874208ED170006DCF24 /* AppDelegate.m in Sources */,
				5A497888208ED181006DCF24 /* AudioRecorder.m in Sources */,
				5A497871208ED170006DCF24 /* main.m in Sources */,
			);
			runOnlyForDeploymentPostprocessing = 0;
		};
/* End PBXSourcesBuildPhase section */

/* Begin PBXVariantGroup section */
		5A497878208ED170006DCF24 /* Main.storyboard */ = {
			isa = PBXVariantGroup;
			children = (
				5A497879208ED170006DCF24 /* Base */,
			);
			name = Main.storyboard;
			sourceTree = "<group>";
		};
		5A49787D208ED170006DCF24 /* LaunchScreen.storyboard */ = {
			isa = PBXVariantGroup;
			children = (
				5A49787E208ED170006DCF24 /* Base */,
			);
			name = LaunchScreen.storyboard;
			sourceTree = "<group>";
		};
/* End PBXVariantGroup section */

/* Begin XCBuildConfiguration section */
		5A497881208ED170006DCF24 /* Debug */ = {
			isa = XCBuildConfiguration;
			buildSettings = {
				ALWAYS_SEARCH_USER_PATHS = NO;
				CLANG_ANALYZER_NONNULL = YES;
				CLANG_CXX_LANGUAGE_STANDARD = "gnu++0x";
				CLANG_CXX_LIBRARY = "libc++";
				CLANG_ENABLE_MODULES = YES;
				CLANG_ENABLE_OBJC_ARC = YES;
				CLANG_WARN_BOOL_CONVERSION = YES;
				CLANG_WARN_CONSTANT_CONVERSION = YES;
				CLANG_WARN_DIRECT_OBJC_ISA_USAGE = YES_ERROR;
				CLANG_WARN_DOCUMENTATION_COMMENTS = YES;
				CLANG_WARN_EMPTY_BODY = YES;
				CLANG_WARN_ENUM_CONVERSION = YES;
				CLANG_WARN_INFINITE_RECURSION = YES;
				CLANG_WARN_INT_CONVERSION = YES;
				CLANG_WARN_OBJC_ROOT_CLASS = YES_ERROR;
				CLANG_WARN_SUSPICIOUS_MOVE = YES;
				CLANG_WARN_UNREACHABLE_CODE = YES;
				CLANG_WARN__DUPLICATE_METHOD_MATCH = YES;
				"CODE_SIGN_IDENTITY[sdk=iphoneos*]" = "iPhone Developer";
				COPY_PHASE_STRIP = NO;
				DEBUG_INFORMATION_FORMAT = dwarf;
				ENABLE_STRICT_OBJC_MSGSEND = YES;
				ENABLE_TESTABILITY = YES;
				GCC_C_LANGUAGE_STANDARD = gnu99;
				GCC_DYNAMIC_NO_PIC = NO;
				GCC_NO_COMMON_BLOCKS = YES;
				GCC_OPTIMIZATION_LEVEL = 0;
				GCC_PREPROCESSOR_DEFINITIONS = (
					"DEBUG=1",
					"$(inherited)",
				);
				GCC_WARN_64_TO_32_BIT_CONVERSION = YES;
				GCC_WARN_ABOUT_RETURN_TYPE = YES_ERROR;
				GCC_WARN_UNDECLARED_SELECTOR = YES;
				GCC_WARN_UNINITIALIZED_AUTOS = YES_AGGRESSIVE;
				GCC_WARN_UNUSED_FUNCTION = YES;
				GCC_WARN_UNUSED_VARIABLE = YES;
				IPHONEOS_DEPLOYMENT_TARGET = 8.0;
				MTL_ENABLE_DEBUG_INFO = YES;
				ONLY_ACTIVE_ARCH = YES;
				SDKROOT = iphoneos;
			};
			name = Debug;
		};
		5A497882208ED170006DCF24 /* Release */ = {
			isa = XCBuildConfiguration;
			buildSettings = {
				ALWAYS_SEARCH_USER_PATHS = NO;
				CLANG_ANALYZER_NONNULL = YES;
				CLANG_CXX_LANGUAGE_STANDARD = "gnu++0x";
				CLANG_CXX_LIBRARY = "libc++";
				CLANG_ENABLE_MODULES = YES;
				CLANG_ENABLE_OBJC_ARC = YES;
				CLANG_WARN_BOOL_CONVERSION = YES;
				CLANG_WARN_CONSTANT_CONVERSION = YES;
				CLANG_WARN_DIRECT_OBJC_ISA_USAGE = YES_ERROR;
				CLANG_WARN_DOCUMENTATION_COMMENTS = YES;
				CLANG_WARN_EMPTY_BODY = YES;
				CLANG_WARN_ENUM_CONVERSION = YES;
				CLANG_WARN_INFINITE_RECURSION = YES;
				CLANG_WARN_INT_CONVERSION = YES;
				CLANG_WARN_OBJC_ROOT_CLASS = YES_ERROR;
				CLANG_WARN_SUSPICIOUS_MOVE = YES;
				CLANG_WARN_UNREACHABLE_CODE = YES;
				CLANG_WARN__DUPLICATE_METHOD_MATCH = YES;
				"CODE_SIGN_IDENTITY[sdk=iphoneos*]" = "iPhone Developer";
				COPY_PHASE_STRIP = NO;
				DEBUG_INFORMATION_FORMAT = "dwarf-with-dsym";
				ENABLE_NS_ASSERTIONS = NO;
				ENABLE_STRICT_OBJC_MSGSEND = YES;
				GCC_C_LANGUAGE_STANDARD = gnu99;
				GCC_NO_COMMON_BLOCKS = YES;
				GCC_WARN_64_TO_32_BIT_CONVERSION = YES;
				GCC_WARN_ABOUT_RETURN_TYPE = YES_ERROR;
				GCC_WARN_UNDECLARED_SELECTOR = YES;
				GCC_WARN_UNINITIALIZED_AUTOS = YES_AGGRESSIVE;
				GCC_WARN_UNUSED_FUNCTION = YES;
				GCC_WARN_UNUSED_VARIABLE = YES;
				IPHONEOS_DEPLOYMENT_TARGET = 8.0;
				MTL_ENABLE_DEBUG_INFO = NO;
				SDKROOT = iphoneos;
				VALIDATE_PRODUCT = YES;
			};
			name = Release;
		};
		5A497884208ED170006DCF24 /* Debug */ = {
			isa = XCBuildConfiguration;
			buildSettings = {
				ASSETCATALOG_COMPILER_APPICON_NAME = AppIcon;
				DEVELOPMENT_TEAM = M7A3C5D4BQ;
				INFOPLIST_FILE = AudioRecorder/Info.plist;
				LD_RUNPATH_SEARCH_PATHS = "$(inherited) @executable_path/Frameworks";
				PRODUCT_BUNDLE_IDENTIFIER = com.ylzb.test;
				PRODUCT_NAME = "$(TARGET_NAME)";
			};
			name = Debug;
		};
		5A497885208ED170006DCF24 /* Release */ = {
			isa = XCBuildConfiguration;
			buildSettings = {
				ASSETCATALOG_COMPILER_APPICON_NAME = AppIcon;
				DEVELOPMENT_TEAM = M7A3C5D4BQ;
				INFOPLIST_FILE = AudioRecorder/Info.plist;
				LD_RUNPATH_SEARCH_PATHS = "$(inherited) @executable_path/Frameworks";
				PRODUCT_BUNDLE_IDENTIFIER = com.ylzb.test;
				PRODUCT_NAME = "$(TARGET_NAME)";
			};
			name = Release;
		};
/* End XCBuildConfiguration section */

/* Begin XCConfigurationList section */
		5A497867208ED170006DCF24 /* Build configuration list for PBXProject "AudioRecorder" */ = {
			isa = XCConfigurationList;
			buildConfigurations = (
				5A497881208ED170006DCF24 /* Debug */,
				5A497882208ED170006DCF24 /* Release */,
			);
			defaultConfigurationIsVisible = 0;
			defaultConfigurationName = Release;
		};
		5A497883208ED170006DCF24 /* Build configuration list for PBXNativeTarget "AudioRecorder" */ = {
			isa = XCConfigurationList;
			buildConfigurations = (
				5A497884208ED170006DCF24 /* Debug */,
				5A497885208ED170006DCF24 /* Release */,
			);
			defaultConfigurationIsVisible = 0;
			defaultConfigurationName = Release;
		};
/* End XCConfigurationList section */
	};
	rootObject = 5A497864208ED170006DCF24 /* Project object */;
}
